
Microsoft Visual Studio Solution File, Format Version 12.00
# Visual Studio 15
VisualStudioVersion = 15.0.27130.2003
MinimumVisualStudioVersion = 10.0.40219.1
Project("{2150E333-8FDC-42A3-9474-1A3956D46DE8}") = "Application", "Application", "{AE0922CC-D3B9-4084-87DE-9B831201034C}"
EndProject
Project("{2150E333-8FDC-42A3-9474-1A3956D46DE8}") = "Application.Test", "Application.Test", "{A51AB156-2974-4B61-9C91-D45DC4F41367}"
EndProject
Project("{2150E333-8FDC-42A3-9474-1A3956D46DE8}") = "BuildsScripts", "BuildsScripts", "{D0580D5A-D752-4027-B2A0-14383CA9FC1D}"
	ProjectSection(SolutionItems) = preProject
		..\appveyor.yml = ..\appveyor.yml
		..\build.fsx = ..\build.fsx
		..\build.ps1 = ..\build.ps1
	EndProjectSection
EndProject
Project("{2150E333-8FDC-42A3-9474-1A3956D46DE8}") = "EndToEndTests", "EndToEndTests", "{C0C8E3D4-5A5D-45C4-BC9B-6B5093F6E964}"
EndProject
Project("{FAE04EC0-301F-11D3-BF4B-00C04F79EFBC}") = "BullOak.Test.EndToEnd", "BullOak.Test.EndToEnd\BullOak.Test.EndToEnd.csproj", "{76145EE3-3F46-4D54-9B55-BFFB40229EDE}"
EndProject
Project("{9A19103F-16F7-4668-BE54-9A1E7A4F7556}") = "BullOak.Repositories", "BullOak.Repositories\BullOak.Repositories.csproj", "{5934536F-FB5D-42AD-841B-3395B4C1D76D}"
EndProject
Project("{FAE04EC0-301F-11D3-BF4B-00C04F79EFBC}") = "BullOak.Test.Benchmark", "BullOak.Test.Benchmark\BullOak.Test.Benchmark.csproj", "{00939149-097C-4A99-9A8D-1DC6DE596B4D}"
EndProject
Project("{FAE04EC0-301F-11D3-BF4B-00C04F79EFBC}") = "BullOak.Repositories.Test.Unit", "BullOak.Repositories.Test.Unit\BullOak.Repositories.Test.Unit.csproj", "{F66F86D4-3668-4994-92BA-58EC92D6A67E}"
EndProject
Project("{FAE04EC0-301F-11D3-BF4B-00C04F79EFBC}") = "BullOak.Repositories.Test.Acceptance", "BullOak.Repositories.Test.Acceptance\BullOak.Repositories.Test.Acceptance.csproj", "{0B6BF506-83EE-476D-9766-63C62724FAC3}"
EndProject
Project("{FAE04EC0-301F-11D3-BF4B-00C04F79EFBC}") = "BullOak.Repositories.Test.Unit.UpconverterContainer", "BullOak.Repositories.Test.Unit.UpconverterContainer\BullOak.Repositories.Test.Unit.UpconverterContainer.csproj", "{E31A2507-6AC6-4281-960F-7CEBD96EEF30}"
EndProject
Global
	GlobalSection(SolutionConfigurationPlatforms) = preSolution
		Debug.Integration|Any CPU = Debug.Integration|Any CPU
		Debug|Any CPU = Debug|Any CPU
		Release.Integration|Any CPU = Release.Integration|Any CPU
		Release|Any CPU = Release|Any CPU
	EndGlobalSection
	GlobalSection(ProjectConfigurationPlatforms) = postSolution
		{76145EE3-3F46-4D54-9B55-BFFB40229EDE}.Debug.Integration|Any CPU.ActiveCfg = Debug|Any CPU
		{76145EE3-3F46-4D54-9B55-BFFB40229EDE}.Debug.Integration|Any CPU.Build.0 = Debug|Any CPU
		{76145EE3-3F46-4D54-9B55-BFFB40229EDE}.Debug|Any CPU.ActiveCfg = Debug|Any CPU
		{76145EE3-3F46-4D54-9B55-BFFB40229EDE}.Debug|Any CPU.Build.0 = Debug|Any CPU
		{76145EE3-3F46-4D54-9B55-BFFB40229EDE}.Release.Integration|Any CPU.ActiveCfg = Release|Any CPU
		{76145EE3-3F46-4D54-9B55-BFFB40229EDE}.Release.Integration|Any CPU.Build.0 = Release|Any CPU
		{76145EE3-3F46-4D54-9B55-BFFB40229EDE}.Release|Any CPU.ActiveCfg = Release|Any CPU
		{76145EE3-3F46-4D54-9B55-BFFB40229EDE}.Release|Any CPU.Build.0 = Release|Any CPU
		{5934536F-FB5D-42AD-841B-3395B4C1D76D}.Debug.Integration|Any CPU.ActiveCfg = Debug|Any CPU
		{5934536F-FB5D-42AD-841B-3395B4C1D76D}.Debug.Integration|Any CPU.Build.0 = Debug|Any CPU
		{5934536F-FB5D-42AD-841B-3395B4C1D76D}.Debug|Any CPU.ActiveCfg = Debug|Any CPU
		{5934536F-FB5D-42AD-841B-3395B4C1D76D}.Debug|Any CPU.Build.0 = Debug|Any CPU
		{5934536F-FB5D-42AD-841B-3395B4C1D76D}.Release.Integration|Any CPU.ActiveCfg = Release|Any CPU
		{5934536F-FB5D-42AD-841B-3395B4C1D76D}.Release.Integration|Any CPU.Build.0 = Release|Any CPU
		{5934536F-FB5D-42AD-841B-3395B4C1D76D}.Release|Any CPU.ActiveCfg = Release|Any CPU
		{5934536F-FB5D-42AD-841B-3395B4C1D76D}.Release|Any CPU.Build.0 = Release|Any CPU
		{00939149-097C-4A99-9A8D-1DC6DE596B4D}.Debug.Integration|Any CPU.ActiveCfg = Debug|Any CPU
		{00939149-097C-4A99-9A8D-1DC6DE596B4D}.Debug.Integration|Any CPU.Build.0 = Debug|Any CPU
		{00939149-097C-4A99-9A8D-1DC6DE596B4D}.Debug|Any CPU.ActiveCfg = Debug|Any CPU
		{00939149-097C-4A99-9A8D-1DC6DE596B4D}.Debug|Any CPU.Build.0 = Debug|Any CPU
		{00939149-097C-4A99-9A8D-1DC6DE596B4D}.Release.Integration|Any CPU.ActiveCfg = Release|Any CPU
		{00939149-097C-4A99-9A8D-1DC6DE596B4D}.Release.Integration|Any CPU.Build.0 = Release|Any CPU
		{00939149-097C-4A99-9A8D-1DC6DE596B4D}.Release|Any CPU.ActiveCfg = Release|Any CPU
		{00939149-097C-4A99-9A8D-1DC6DE596B4D}.Release|Any CPU.Build.0 = Release|Any CPU
		{F66F86D4-3668-4994-92BA-58EC92D6A67E}.Debug.Integration|Any CPU.ActiveCfg = Debug|Any CPU
		{F66F86D4-3668-4994-92BA-58EC92D6A67E}.Debug.Integration|Any CPU.Build.0 = Debug|Any CPU
		{F66F86D4-3668-4994-92BA-58EC92D6A67E}.Debug|Any CPU.ActiveCfg = Debug|Any CPU
		{F66F86D4-3668-4994-92BA-58EC92D6A67E}.Debug|Any CPU.Build.0 = Debug|Any CPU
		{F66F86D4-3668-4994-92BA-58EC92D6A67E}.Release.Integration|Any CPU.ActiveCfg = Release|Any CPU
		{F66F86D4-3668-4994-92BA-58EC92D6A67E}.Release.Integration|Any CPU.Build.0 = Release|Any CPU
		{F66F86D4-3668-4994-92BA-58EC92D6A67E}.Release|Any CPU.ActiveCfg = Release|Any CPU
		{F66F86D4-3668-4994-92BA-58EC92D6A67E}.Release|Any CPU.Build.0 = Release|Any CPU
		{0B6BF506-83EE-476D-9766-63C62724FAC3}.Debug.Integration|Any CPU.ActiveCfg = Debug|Any CPU
		{0B6BF506-83EE-476D-9766-63C62724FAC3}.Debug.Integration|Any CPU.Build.0 = Debug|Any CPU
		{0B6BF506-83EE-476D-9766-63C62724FAC3}.Debug|Any CPU.ActiveCfg = Debug|Any CPU
		{0B6BF506-83EE-476D-9766-63C62724FAC3}.Debug|Any CPU.Build.0 = Debug|Any CPU
		{0B6BF506-83EE-476D-9766-63C62724FAC3}.Release.Integration|Any CPU.ActiveCfg = Release|Any CPU
		{0B6BF506-83EE-476D-9766-63C62724FAC3}.Release.Integration|Any CPU.Build.0 = Release|Any CPU
		{0B6BF506-83EE-476D-9766-63C62724FAC3}.Release|Any CPU.ActiveCfg = Release|Any CPU
		{0B6BF506-83EE-476D-9766-63C62724FAC3}.Release|Any CPU.Build.0 = Release|Any CPU
		{E31A2507-6AC6-4281-960F-7CEBD96EEF30}.Debug.Integration|Any CPU.ActiveCfg = Debug|Any CPU
		{E31A2507-6AC6-4281-960F-7CEBD96EEF30}.Debug.Integration|Any CPU.Build.0 = Debug|Any CPU
		{E31A2507-6AC6-4281-960F-7CEBD96EEF30}.Debug|Any CPU.ActiveCfg = Debug|Any CPU
		{E31A2507-6AC6-4281-960F-7CEBD96EEF30}.Debug|Any CPU.Build.0 = Debug|Any CPU
		{E31A2507-6AC6-4281-960F-7CEBD96EEF30}.Release.Integration|Any CPU.ActiveCfg = Release|Any CPU
		{E31A2507-6AC6-4281-960F-7CEBD96EEF30}.Release.Integration|Any CPU.Build.0 = Release|Any CPU
		{E31A2507-6AC6-4281-960F-7CEBD96EEF30}.Release|Any CPU.ActiveCfg = Release|Any CPU
		{E31A2507-6AC6-4281-960F-7CEBD96EEF30}.Release|Any CPU.Build.0 = Release|Any CPU
	EndGlobalSection
	GlobalSection(SolutionProperties) = preSolution
		HideSolutionNode = FALSE
	EndGlobalSection
	GlobalSection(NestedProjects) = preSolution
		{A51AB156-2974-4B61-9C91-D45DC4F41367} = {AE0922CC-D3B9-4084-87DE-9B831201034C}
		{76145EE3-3F46-4D54-9B55-BFFB40229EDE} = {C0C8E3D4-5A5D-45C4-BC9B-6B5093F6E964}
		{5934536F-FB5D-42AD-841B-3395B4C1D76D} = {AE0922CC-D3B9-4084-87DE-9B831201034C}
		{00939149-097C-4A99-9A8D-1DC6DE596B4D} = {C0C8E3D4-5A5D-45C4-BC9B-6B5093F6E964}
		{F66F86D4-3668-4994-92BA-58EC92D6A67E} = {A51AB156-2974-4B61-9C91-D45DC4F41367}
		{0B6BF506-83EE-476D-9766-63C62724FAC3} = {A51AB156-2974-4B61-9C91-D45DC4F41367}
		{E31A2507-6AC6-4281-960F-7CEBD96EEF30} = {A51AB156-2974-4B61-9C91-D45DC4F41367}
	EndGlobalSection
	GlobalSection(ExtensibilityGlobals) = postSolution
		SolutionGuid = {85F7A59E-70F4-40CD-888E-8DDF38C2B760}
	EndGlobalSection
	GlobalSection(Performance) = preSolution
		HasPerformanceSessions = true
	EndGlobalSection
	GlobalSection(Performance) = preSolution
		HasPerformanceSessions = true
	EndGlobalSection
EndGlobal
