
Microsoft Visual Studio Solution File, Format Version 12.00
# Visual Studio 15
VisualStudioVersion = 15.0.26730.12
MinimumVisualStudioVersion = 10.0.40219.1
Project("{FAE04EC0-301F-11D3-BF4B-00C04F79EFBC}") = "BullOak.Application", "BullOak.Application\BullOak.Application.csproj", "{FDBEC3D7-4D0E-4D15-BF63-F3A846C34288}"
EndProject
Project("{FAE04EC0-301F-11D3-BF4B-00C04F79EFBC}") = "BullOak.Application.Test.Unit", "BullOak.Application.Test.Unit\BullOak.Application.Test.Unit.csproj", "{CD1D6491-C989-4A00-ACE5-03508736BA56}"
EndProject
Project("{FAE04EC0-301F-11D3-BF4B-00C04F79EFBC}") = "BullOak.Common", "BullOak.Common\BullOak.Common.csproj", "{432E21EC-EF22-490C-B2BB-C2606FFF156B}"
EndProject
Project("{FAE04EC0-301F-11D3-BF4B-00C04F79EFBC}") = "BullOak.Common.Test.Unit", "BullOak.Common.Test.Unit\BullOak.Common.Test.Unit.csproj", "{52AED5E0-4ECA-4E6E-AA80-0FE72D68EDF5}"
EndProject
Project("{2150E333-8FDC-42A3-9474-1A3956D46DE8}") = "Common", "Common", "{8537FFDD-FBA6-4A2D-8AA4-D4CBB4EFD97F}"
EndProject
Project("{2150E333-8FDC-42A3-9474-1A3956D46DE8}") = "Application", "Application", "{AE0922CC-D3B9-4084-87DE-9B831201034C}"
EndProject
Project("{2150E333-8FDC-42A3-9474-1A3956D46DE8}") = "Denormalizer", "Denormalizer", "{FED7B22F-84AA-4750-8384-AEB1F1CC9B70}"
EndProject
Project("{FAE04EC0-301F-11D3-BF4B-00C04F79EFBC}") = "BullOak.Common.WebApi", "BullOak.Common.WebApi\BullOak.Common.WebApi.csproj", "{E626BE88-7FD0-49C5-A616-843B4F4D07B5}"
EndProject
Project("{FAE04EC0-301F-11D3-BF4B-00C04F79EFBC}") = "BullOak.Common.WebApi.Test.Unit", "BullOak.Common.WebApi.Test.Unit\BullOak.Common.WebApi.Test.Unit.csproj", "{47A4BBC0-4C84-41D1-BB6A-DC4E47DD995D}"
EndProject
Project("{FAE04EC0-301F-11D3-BF4B-00C04F79EFBC}") = "BullOak.Denormalizer", "BullOak.Denormalizer\BullOak.Denormalizer.csproj", "{BC5FD390-3E08-4143-BDEA-27FE31A8636D}"
EndProject
Project("{FAE04EC0-301F-11D3-BF4B-00C04F79EFBC}") = "BullOak.Denormalizer.DocumentDb", "BullOak.Denormalizer.DocumentDb\BullOak.Denormalizer.DocumentDb.csproj", "{C934B9B5-7B83-4BF1-B2EA-B4D93353C9A7}"
EndProject
Project("{FAE04EC0-301F-11D3-BF4B-00C04F79EFBC}") = "BullOak.Denormalizer.DocumentDB.Test.Integration", "BullOak.Denormalizer.DocumentDB.Test.Integration\BullOak.Denormalizer.DocumentDB.Test.Integration.csproj", "{16782709-A828-4CE9-AAB4-68AE276E3848}"
EndProject
Project("{FAE04EC0-301F-11D3-BF4B-00C04F79EFBC}") = "BullOak.Denormalizer.MongoDb", "BullOak.Denormalizer.MongoDB\BullOak.Denormalizer.MongoDb.csproj", "{E05AAF21-F757-4BF9-8932-26BB66F70140}"
EndProject
Project("{FAE04EC0-301F-11D3-BF4B-00C04F79EFBC}") = "BullOak.Denormalizer.MongoDb.Test.Integration", "BullOak.Denormalizer.MongoDb.Test.Integration\BullOak.Denormalizer.MongoDb.Test.Integration.csproj", "{9990D670-4B26-43A8-9933-D75E4AC6E534}"
EndProject
Project("{FAE04EC0-301F-11D3-BF4B-00C04F79EFBC}") = "BullOak.EventStream", "BullOak.EventStream\BullOak.EventStream.csproj", "{90E2D13E-B1CA-47AD-87DD-D3707D150B0B}"
EndProject
Project("{FAE04EC0-301F-11D3-BF4B-00C04F79EFBC}") = "BullOak.EventStream.Test.Unit", "BullOak.EventStream.Test.Unit\BullOak.EventStream.Test.Unit.csproj", "{972C90E7-6F8E-40A3-BD03-2FD2433ED78E}"
EndProject
Project("{FAE04EC0-301F-11D3-BF4B-00C04F79EFBC}") = "BullOak.Infrastructure.Host", "BullOak.Infrastructure.Host\BullOak.Infrastructure.Host.csproj", "{A08D85CB-09CF-4B41-ACFE-AB2EF2A0CE11}"
EndProject
Project("{FAE04EC0-301F-11D3-BF4B-00C04F79EFBC}") = "BullOak.Infrastructure.Host.Test.Unit", "BullOak.Infrastructure.Host.Test.Unit\BullOak.Infrastructure.Host.Test.Unit.csproj", "{9094E30E-9C83-4D9D-9954-4A013EA2FC41}"
EndProject
Project("{FAE04EC0-301F-11D3-BF4B-00C04F79EFBC}") = "BullOak.Infrastructure.TestHelpers.Application", "BullOak.Infrastructure.TestHelpers.Application\BullOak.Infrastructure.TestHelpers.Application.csproj", "{A25FC776-91B0-4481-B1D4-4878FD15B100}"
EndProject
Project("{FAE04EC0-301F-11D3-BF4B-00C04F79EFBC}") = "BullOak.Infrastructure.TestHelpers.Application.xUnit", "BullOak.Infrastructure.TestHelpers.Application.xUnit\BullOak.Infrastructure.TestHelpers.Application.xUnit.csproj", "{24D99B2D-8D0C-496B-881D-3B4692C01FCA}"
EndProject
Project("{2150E333-8FDC-42A3-9474-1A3956D46DE8}") = "Infrastructure", "Infrastructure", "{308DAE68-AC0F-40BC-A708-6897C8864009}"
EndProject
Project("{FAE04EC0-301F-11D3-BF4B-00C04F79EFBC}") = "BullOak.Logging.Serilog", "BullOak.Logging.Serilog\BullOak.Logging.Serilog.csproj", "{D6EB13EC-D670-4644-A717-98EE23504A50}"
EndProject
Project("{2150E333-8FDC-42A3-9474-1A3956D46DE8}") = "Messages", "Messages", "{6F04663E-B2B7-41EB-9CC7-B3E30F6E9EC9}"
EndProject
Project("{FAE04EC0-301F-11D3-BF4B-00C04F79EFBC}") = "BullOak.Messages", "BullOak.Messages\BullOak.Messages.csproj", "{3A8876F8-CA9A-404D-AB35-4E5EA0081859}"
EndProject
Project("{FAE04EC0-301F-11D3-BF4B-00C04F79EFBC}") = "BullOak.Messages.Converters.AutoMapper", "BullOak.Messages.Converters.AutoMapper\BullOak.Messages.Converters.AutoMapper.csproj", "{8005D3B8-8F49-4E3D-AF35-1C9C5956D793}"
EndProject
Project("{FAE04EC0-301F-11D3-BF4B-00C04F79EFBC}") = "BullOak.Messages.Converters.AutoMapper.Test.Unit", "BullOak.Messages.Converters.AutoMapper.Test.Unit\BullOak.Messages.Converters.AutoMapper.Test.Unit.csproj", "{53621773-C9FF-414C-9C5D-E505B9B6100D}"
EndProject
Project("{FAE04EC0-301F-11D3-BF4B-00C04F79EFBC}") = "BullOak.Messages.Test.Unit", "BullOak.Messages.Test.Unit\BullOak.Messages.Test.Unit.csproj", "{6FEAEB1F-0C6E-4952-9AFB-E97EEDEDC370}"
EndProject
Project("{2150E333-8FDC-42A3-9474-1A3956D46DE8}") = "Application.Test", "Application.Test", "{A51AB156-2974-4B61-9C91-D45DC4F41367}"
EndProject
Project("{2150E333-8FDC-42A3-9474-1A3956D46DE8}") = "Common.Test", "Common.Test", "{47483A1E-B967-429D-BACF-9A052F2B81CC}"
EndProject
Project("{2150E333-8FDC-42A3-9474-1A3956D46DE8}") = "BuildsScripts", "BuildsScripts", "{D0580D5A-D752-4027-B2A0-14383CA9FC1D}"
	ProjectSection(SolutionItems) = preProject
		..\appveyor.yml = ..\appveyor.yml
		..\build.fsx = ..\build.fsx
	EndProjectSection
EndProject
Project("{2150E333-8FDC-42A3-9474-1A3956D46DE8}") = "EndToEndTests", "EndToEndTests", "{C0C8E3D4-5A5D-45C4-BC9B-6B5093F6E964}"
EndProject
Project("{FAE04EC0-301F-11D3-BF4B-00C04F79EFBC}") = "BullOak.Test.EndToEnd", "BullOak.Test.EndToEnd\BullOak.Test.EndToEnd.csproj", "{76145EE3-3F46-4D54-9B55-BFFB40229EDE}"
EndProject
Project("{FAE04EC0-301F-11D3-BF4B-00C04F79EFBC}") = "BullOak.Repositories", "BullOak.Repositories\BullOak.Repositories.csproj", "{5934536F-FB5D-42AD-841B-3395B4C1D76D}"
EndProject
Project("{FAE04EC0-301F-11D3-BF4B-00C04F79EFBC}") = "BullOak.Repositories.NEventStore", "BullOak.Repositories.NEventStore\BullOak.Repositories.NEventStore.csproj", "{68401C19-68BA-45B3-BC69-82EF38583A5D}"
EndProject
Project("{FAE04EC0-301F-11D3-BF4B-00C04F79EFBC}") = "BullOak.Test.Benchmark", "BullOak.Test.Benchmark\BullOak.Test.Benchmark.csproj", "{00939149-097C-4A99-9A8D-1DC6DE596B4D}"
EndProject
Project("{FAE04EC0-301F-11D3-BF4B-00C04F79EFBC}") = "BullOak.Repositories.Test.Unit", "BullOak.Repositories.Test.Unit\BullOak.Repositories.Test.Unit.csproj", "{F66F86D4-3668-4994-92BA-58EC92D6A67E}"
EndProject
Global
	GlobalSection(SolutionConfigurationPlatforms) = preSolution
		Debug.Integration|Any CPU = Debug.Integration|Any CPU
		Debug|Any CPU = Debug|Any CPU
		Release.Integration|Any CPU = Release.Integration|Any CPU
		Release|Any CPU = Release|Any CPU
	EndGlobalSection
	GlobalSection(ProjectConfigurationPlatforms) = postSolution
		{FDBEC3D7-4D0E-4D15-BF63-F3A846C34288}.Debug.Integration|Any CPU.ActiveCfg = Debug.Integration|Any CPU
		{FDBEC3D7-4D0E-4D15-BF63-F3A846C34288}.Debug.Integration|Any CPU.Build.0 = Debug.Integration|Any CPU
		{FDBEC3D7-4D0E-4D15-BF63-F3A846C34288}.Debug|Any CPU.ActiveCfg = Debug|Any CPU
		{FDBEC3D7-4D0E-4D15-BF63-F3A846C34288}.Debug|Any CPU.Build.0 = Debug|Any CPU
		{FDBEC3D7-4D0E-4D15-BF63-F3A846C34288}.Release.Integration|Any CPU.ActiveCfg = Release.Integration|Any CPU
		{FDBEC3D7-4D0E-4D15-BF63-F3A846C34288}.Release.Integration|Any CPU.Build.0 = Release.Integration|Any CPU
		{FDBEC3D7-4D0E-4D15-BF63-F3A846C34288}.Release|Any CPU.ActiveCfg = Release|Any CPU
		{FDBEC3D7-4D0E-4D15-BF63-F3A846C34288}.Release|Any CPU.Build.0 = Release|Any CPU
		{CD1D6491-C989-4A00-ACE5-03508736BA56}.Debug.Integration|Any CPU.ActiveCfg = Debug.Integration|Any CPU
		{CD1D6491-C989-4A00-ACE5-03508736BA56}.Debug.Integration|Any CPU.Build.0 = Debug.Integration|Any CPU
		{CD1D6491-C989-4A00-ACE5-03508736BA56}.Debug|Any CPU.ActiveCfg = Debug|Any CPU
		{CD1D6491-C989-4A00-ACE5-03508736BA56}.Debug|Any CPU.Build.0 = Debug|Any CPU
		{CD1D6491-C989-4A00-ACE5-03508736BA56}.Release.Integration|Any CPU.ActiveCfg = Release.Integration|Any CPU
		{CD1D6491-C989-4A00-ACE5-03508736BA56}.Release.Integration|Any CPU.Build.0 = Release.Integration|Any CPU
		{CD1D6491-C989-4A00-ACE5-03508736BA56}.Release|Any CPU.ActiveCfg = Release|Any CPU
		{CD1D6491-C989-4A00-ACE5-03508736BA56}.Release|Any CPU.Build.0 = Release|Any CPU
		{432E21EC-EF22-490C-B2BB-C2606FFF156B}.Debug.Integration|Any CPU.ActiveCfg = Debug.Integration|Any CPU
		{432E21EC-EF22-490C-B2BB-C2606FFF156B}.Debug.Integration|Any CPU.Build.0 = Debug.Integration|Any CPU
		{432E21EC-EF22-490C-B2BB-C2606FFF156B}.Debug|Any CPU.ActiveCfg = Debug|Any CPU
		{432E21EC-EF22-490C-B2BB-C2606FFF156B}.Debug|Any CPU.Build.0 = Debug|Any CPU
		{432E21EC-EF22-490C-B2BB-C2606FFF156B}.Release.Integration|Any CPU.ActiveCfg = Release.Integration|Any CPU
		{432E21EC-EF22-490C-B2BB-C2606FFF156B}.Release.Integration|Any CPU.Build.0 = Release.Integration|Any CPU
		{432E21EC-EF22-490C-B2BB-C2606FFF156B}.Release|Any CPU.ActiveCfg = Release|Any CPU
		{432E21EC-EF22-490C-B2BB-C2606FFF156B}.Release|Any CPU.Build.0 = Release|Any CPU
		{52AED5E0-4ECA-4E6E-AA80-0FE72D68EDF5}.Debug.Integration|Any CPU.ActiveCfg = Debug.Integration|Any CPU
		{52AED5E0-4ECA-4E6E-AA80-0FE72D68EDF5}.Debug.Integration|Any CPU.Build.0 = Debug.Integration|Any CPU
		{52AED5E0-4ECA-4E6E-AA80-0FE72D68EDF5}.Debug|Any CPU.ActiveCfg = Debug|Any CPU
		{52AED5E0-4ECA-4E6E-AA80-0FE72D68EDF5}.Debug|Any CPU.Build.0 = Debug|Any CPU
		{52AED5E0-4ECA-4E6E-AA80-0FE72D68EDF5}.Release.Integration|Any CPU.ActiveCfg = Release.Integration|Any CPU
		{52AED5E0-4ECA-4E6E-AA80-0FE72D68EDF5}.Release.Integration|Any CPU.Build.0 = Release.Integration|Any CPU
		{52AED5E0-4ECA-4E6E-AA80-0FE72D68EDF5}.Release|Any CPU.ActiveCfg = Release|Any CPU
		{52AED5E0-4ECA-4E6E-AA80-0FE72D68EDF5}.Release|Any CPU.Build.0 = Release|Any CPU
		{E626BE88-7FD0-49C5-A616-843B4F4D07B5}.Debug.Integration|Any CPU.ActiveCfg = Debug.Integration|Any CPU
		{E626BE88-7FD0-49C5-A616-843B4F4D07B5}.Debug.Integration|Any CPU.Build.0 = Debug.Integration|Any CPU
		{E626BE88-7FD0-49C5-A616-843B4F4D07B5}.Debug|Any CPU.ActiveCfg = Debug|Any CPU
		{E626BE88-7FD0-49C5-A616-843B4F4D07B5}.Debug|Any CPU.Build.0 = Debug|Any CPU
		{E626BE88-7FD0-49C5-A616-843B4F4D07B5}.Release.Integration|Any CPU.ActiveCfg = Release.Integration|Any CPU
		{E626BE88-7FD0-49C5-A616-843B4F4D07B5}.Release.Integration|Any CPU.Build.0 = Release.Integration|Any CPU
		{E626BE88-7FD0-49C5-A616-843B4F4D07B5}.Release|Any CPU.ActiveCfg = Release|Any CPU
		{E626BE88-7FD0-49C5-A616-843B4F4D07B5}.Release|Any CPU.Build.0 = Release|Any CPU
		{47A4BBC0-4C84-41D1-BB6A-DC4E47DD995D}.Debug.Integration|Any CPU.ActiveCfg = Debug.Integration|Any CPU
		{47A4BBC0-4C84-41D1-BB6A-DC4E47DD995D}.Debug.Integration|Any CPU.Build.0 = Debug.Integration|Any CPU
		{47A4BBC0-4C84-41D1-BB6A-DC4E47DD995D}.Debug|Any CPU.ActiveCfg = Debug|Any CPU
		{47A4BBC0-4C84-41D1-BB6A-DC4E47DD995D}.Debug|Any CPU.Build.0 = Debug|Any CPU
		{47A4BBC0-4C84-41D1-BB6A-DC4E47DD995D}.Release.Integration|Any CPU.ActiveCfg = Release.Integration|Any CPU
		{47A4BBC0-4C84-41D1-BB6A-DC4E47DD995D}.Release.Integration|Any CPU.Build.0 = Release.Integration|Any CPU
		{47A4BBC0-4C84-41D1-BB6A-DC4E47DD995D}.Release|Any CPU.ActiveCfg = Release|Any CPU
		{47A4BBC0-4C84-41D1-BB6A-DC4E47DD995D}.Release|Any CPU.Build.0 = Release|Any CPU
		{BC5FD390-3E08-4143-BDEA-27FE31A8636D}.Debug.Integration|Any CPU.ActiveCfg = Debug.Integration|Any CPU
		{BC5FD390-3E08-4143-BDEA-27FE31A8636D}.Debug.Integration|Any CPU.Build.0 = Debug.Integration|Any CPU
		{BC5FD390-3E08-4143-BDEA-27FE31A8636D}.Debug|Any CPU.ActiveCfg = Debug|Any CPU
		{BC5FD390-3E08-4143-BDEA-27FE31A8636D}.Debug|Any CPU.Build.0 = Debug|Any CPU
		{BC5FD390-3E08-4143-BDEA-27FE31A8636D}.Release.Integration|Any CPU.ActiveCfg = Release.Integration|Any CPU
		{BC5FD390-3E08-4143-BDEA-27FE31A8636D}.Release.Integration|Any CPU.Build.0 = Release.Integration|Any CPU
		{BC5FD390-3E08-4143-BDEA-27FE31A8636D}.Release|Any CPU.ActiveCfg = Release|Any CPU
		{BC5FD390-3E08-4143-BDEA-27FE31A8636D}.Release|Any CPU.Build.0 = Release|Any CPU
		{C934B9B5-7B83-4BF1-B2EA-B4D93353C9A7}.Debug.Integration|Any CPU.ActiveCfg = Debug.Integration|Any CPU
		{C934B9B5-7B83-4BF1-B2EA-B4D93353C9A7}.Debug.Integration|Any CPU.Build.0 = Debug.Integration|Any CPU
		{C934B9B5-7B83-4BF1-B2EA-B4D93353C9A7}.Debug|Any CPU.ActiveCfg = Debug|Any CPU
		{C934B9B5-7B83-4BF1-B2EA-B4D93353C9A7}.Debug|Any CPU.Build.0 = Debug|Any CPU
		{C934B9B5-7B83-4BF1-B2EA-B4D93353C9A7}.Release.Integration|Any CPU.ActiveCfg = Release.Integration|Any CPU
		{C934B9B5-7B83-4BF1-B2EA-B4D93353C9A7}.Release.Integration|Any CPU.Build.0 = Release.Integration|Any CPU
		{C934B9B5-7B83-4BF1-B2EA-B4D93353C9A7}.Release|Any CPU.ActiveCfg = Release|Any CPU
		{C934B9B5-7B83-4BF1-B2EA-B4D93353C9A7}.Release|Any CPU.Build.0 = Release|Any CPU
		{16782709-A828-4CE9-AAB4-68AE276E3848}.Debug.Integration|Any CPU.ActiveCfg = Debug.Integration|Any CPU
		{16782709-A828-4CE9-AAB4-68AE276E3848}.Debug.Integration|Any CPU.Build.0 = Debug.Integration|Any CPU
		{16782709-A828-4CE9-AAB4-68AE276E3848}.Debug|Any CPU.ActiveCfg = Debug|Any CPU
		{16782709-A828-4CE9-AAB4-68AE276E3848}.Debug|Any CPU.Build.0 = Debug|Any CPU
		{16782709-A828-4CE9-AAB4-68AE276E3848}.Release.Integration|Any CPU.ActiveCfg = Release.Integration|Any CPU
		{16782709-A828-4CE9-AAB4-68AE276E3848}.Release.Integration|Any CPU.Build.0 = Release.Integration|Any CPU
		{16782709-A828-4CE9-AAB4-68AE276E3848}.Release|Any CPU.ActiveCfg = Release|Any CPU
		{16782709-A828-4CE9-AAB4-68AE276E3848}.Release|Any CPU.Build.0 = Release|Any CPU
		{E05AAF21-F757-4BF9-8932-26BB66F70140}.Debug.Integration|Any CPU.ActiveCfg = Debug.Integration|Any CPU
		{E05AAF21-F757-4BF9-8932-26BB66F70140}.Debug.Integration|Any CPU.Build.0 = Debug.Integration|Any CPU
		{E05AAF21-F757-4BF9-8932-26BB66F70140}.Debug|Any CPU.ActiveCfg = Debug|Any CPU
		{E05AAF21-F757-4BF9-8932-26BB66F70140}.Debug|Any CPU.Build.0 = Debug|Any CPU
		{E05AAF21-F757-4BF9-8932-26BB66F70140}.Release.Integration|Any CPU.ActiveCfg = Release.Integration|Any CPU
		{E05AAF21-F757-4BF9-8932-26BB66F70140}.Release.Integration|Any CPU.Build.0 = Release.Integration|Any CPU
		{E05AAF21-F757-4BF9-8932-26BB66F70140}.Release|Any CPU.ActiveCfg = Release|Any CPU
		{E05AAF21-F757-4BF9-8932-26BB66F70140}.Release|Any CPU.Build.0 = Release|Any CPU
		{9990D670-4B26-43A8-9933-D75E4AC6E534}.Debug.Integration|Any CPU.ActiveCfg = Debug.Integration|Any CPU
		{9990D670-4B26-43A8-9933-D75E4AC6E534}.Debug.Integration|Any CPU.Build.0 = Debug.Integration|Any CPU
		{9990D670-4B26-43A8-9933-D75E4AC6E534}.Debug|Any CPU.ActiveCfg = Debug|Any CPU
		{9990D670-4B26-43A8-9933-D75E4AC6E534}.Debug|Any CPU.Build.0 = Debug|Any CPU
		{9990D670-4B26-43A8-9933-D75E4AC6E534}.Release.Integration|Any CPU.ActiveCfg = Release.Integration|Any CPU
		{9990D670-4B26-43A8-9933-D75E4AC6E534}.Release.Integration|Any CPU.Build.0 = Release.Integration|Any CPU
		{9990D670-4B26-43A8-9933-D75E4AC6E534}.Release|Any CPU.ActiveCfg = Release|Any CPU
		{9990D670-4B26-43A8-9933-D75E4AC6E534}.Release|Any CPU.Build.0 = Release|Any CPU
		{90E2D13E-B1CA-47AD-87DD-D3707D150B0B}.Debug.Integration|Any CPU.ActiveCfg = Debug.Integration|Any CPU
		{90E2D13E-B1CA-47AD-87DD-D3707D150B0B}.Debug.Integration|Any CPU.Build.0 = Debug.Integration|Any CPU
		{90E2D13E-B1CA-47AD-87DD-D3707D150B0B}.Debug|Any CPU.ActiveCfg = Debug|Any CPU
		{90E2D13E-B1CA-47AD-87DD-D3707D150B0B}.Debug|Any CPU.Build.0 = Debug|Any CPU
		{90E2D13E-B1CA-47AD-87DD-D3707D150B0B}.Release.Integration|Any CPU.ActiveCfg = Release.Integration|Any CPU
		{90E2D13E-B1CA-47AD-87DD-D3707D150B0B}.Release.Integration|Any CPU.Build.0 = Release.Integration|Any CPU
		{90E2D13E-B1CA-47AD-87DD-D3707D150B0B}.Release|Any CPU.ActiveCfg = Release|Any CPU
		{90E2D13E-B1CA-47AD-87DD-D3707D150B0B}.Release|Any CPU.Build.0 = Release|Any CPU
		{972C90E7-6F8E-40A3-BD03-2FD2433ED78E}.Debug.Integration|Any CPU.ActiveCfg = Debug.Integration|Any CPU
		{972C90E7-6F8E-40A3-BD03-2FD2433ED78E}.Debug.Integration|Any CPU.Build.0 = Debug.Integration|Any CPU
		{972C90E7-6F8E-40A3-BD03-2FD2433ED78E}.Debug|Any CPU.ActiveCfg = Debug|Any CPU
		{972C90E7-6F8E-40A3-BD03-2FD2433ED78E}.Debug|Any CPU.Build.0 = Debug|Any CPU
		{972C90E7-6F8E-40A3-BD03-2FD2433ED78E}.Release.Integration|Any CPU.ActiveCfg = Release.Integration|Any CPU
		{972C90E7-6F8E-40A3-BD03-2FD2433ED78E}.Release.Integration|Any CPU.Build.0 = Release.Integration|Any CPU
		{972C90E7-6F8E-40A3-BD03-2FD2433ED78E}.Release|Any CPU.ActiveCfg = Release|Any CPU
		{972C90E7-6F8E-40A3-BD03-2FD2433ED78E}.Release|Any CPU.Build.0 = Release|Any CPU
		{A08D85CB-09CF-4B41-ACFE-AB2EF2A0CE11}.Debug.Integration|Any CPU.ActiveCfg = Debug.Integration|Any CPU
		{A08D85CB-09CF-4B41-ACFE-AB2EF2A0CE11}.Debug.Integration|Any CPU.Build.0 = Debug.Integration|Any CPU
		{A08D85CB-09CF-4B41-ACFE-AB2EF2A0CE11}.Debug|Any CPU.ActiveCfg = Debug|Any CPU
		{A08D85CB-09CF-4B41-ACFE-AB2EF2A0CE11}.Debug|Any CPU.Build.0 = Debug|Any CPU
		{A08D85CB-09CF-4B41-ACFE-AB2EF2A0CE11}.Release.Integration|Any CPU.ActiveCfg = Release.Integration|Any CPU
		{A08D85CB-09CF-4B41-ACFE-AB2EF2A0CE11}.Release.Integration|Any CPU.Build.0 = Release.Integration|Any CPU
		{A08D85CB-09CF-4B41-ACFE-AB2EF2A0CE11}.Release|Any CPU.ActiveCfg = Release|Any CPU
		{A08D85CB-09CF-4B41-ACFE-AB2EF2A0CE11}.Release|Any CPU.Build.0 = Release|Any CPU
		{9094E30E-9C83-4D9D-9954-4A013EA2FC41}.Debug.Integration|Any CPU.ActiveCfg = Debug.Integration|Any CPU
		{9094E30E-9C83-4D9D-9954-4A013EA2FC41}.Debug.Integration|Any CPU.Build.0 = Debug.Integration|Any CPU
		{9094E30E-9C83-4D9D-9954-4A013EA2FC41}.Debug|Any CPU.ActiveCfg = Debug|Any CPU
		{9094E30E-9C83-4D9D-9954-4A013EA2FC41}.Debug|Any CPU.Build.0 = Debug|Any CPU
		{9094E30E-9C83-4D9D-9954-4A013EA2FC41}.Release.Integration|Any CPU.ActiveCfg = Release.Integration|Any CPU
		{9094E30E-9C83-4D9D-9954-4A013EA2FC41}.Release.Integration|Any CPU.Build.0 = Release.Integration|Any CPU
		{9094E30E-9C83-4D9D-9954-4A013EA2FC41}.Release|Any CPU.ActiveCfg = Release|Any CPU
		{9094E30E-9C83-4D9D-9954-4A013EA2FC41}.Release|Any CPU.Build.0 = Release|Any CPU
		{A25FC776-91B0-4481-B1D4-4878FD15B100}.Debug.Integration|Any CPU.ActiveCfg = Debug.Integration|Any CPU
		{A25FC776-91B0-4481-B1D4-4878FD15B100}.Debug.Integration|Any CPU.Build.0 = Debug.Integration|Any CPU
		{A25FC776-91B0-4481-B1D4-4878FD15B100}.Debug|Any CPU.ActiveCfg = Debug|Any CPU
		{A25FC776-91B0-4481-B1D4-4878FD15B100}.Debug|Any CPU.Build.0 = Debug|Any CPU
		{A25FC776-91B0-4481-B1D4-4878FD15B100}.Release.Integration|Any CPU.ActiveCfg = Release.Integration|Any CPU
		{A25FC776-91B0-4481-B1D4-4878FD15B100}.Release.Integration|Any CPU.Build.0 = Release.Integration|Any CPU
		{A25FC776-91B0-4481-B1D4-4878FD15B100}.Release|Any CPU.ActiveCfg = Release|Any CPU
		{A25FC776-91B0-4481-B1D4-4878FD15B100}.Release|Any CPU.Build.0 = Release|Any CPU
		{24D99B2D-8D0C-496B-881D-3B4692C01FCA}.Debug.Integration|Any CPU.ActiveCfg = Debug.Integration|Any CPU
		{24D99B2D-8D0C-496B-881D-3B4692C01FCA}.Debug.Integration|Any CPU.Build.0 = Debug.Integration|Any CPU
		{24D99B2D-8D0C-496B-881D-3B4692C01FCA}.Debug|Any CPU.ActiveCfg = Debug|Any CPU
		{24D99B2D-8D0C-496B-881D-3B4692C01FCA}.Debug|Any CPU.Build.0 = Debug|Any CPU
		{24D99B2D-8D0C-496B-881D-3B4692C01FCA}.Release.Integration|Any CPU.ActiveCfg = Release.Integration|Any CPU
		{24D99B2D-8D0C-496B-881D-3B4692C01FCA}.Release.Integration|Any CPU.Build.0 = Release.Integration|Any CPU
		{24D99B2D-8D0C-496B-881D-3B4692C01FCA}.Release|Any CPU.ActiveCfg = Release|Any CPU
		{24D99B2D-8D0C-496B-881D-3B4692C01FCA}.Release|Any CPU.Build.0 = Release|Any CPU
		{D6EB13EC-D670-4644-A717-98EE23504A50}.Debug.Integration|Any CPU.ActiveCfg = Debug.Integration|Any CPU
		{D6EB13EC-D670-4644-A717-98EE23504A50}.Debug.Integration|Any CPU.Build.0 = Debug.Integration|Any CPU
		{D6EB13EC-D670-4644-A717-98EE23504A50}.Debug|Any CPU.ActiveCfg = Debug|Any CPU
		{D6EB13EC-D670-4644-A717-98EE23504A50}.Debug|Any CPU.Build.0 = Debug|Any CPU
		{D6EB13EC-D670-4644-A717-98EE23504A50}.Release.Integration|Any CPU.ActiveCfg = Release.Integration|Any CPU
		{D6EB13EC-D670-4644-A717-98EE23504A50}.Release.Integration|Any CPU.Build.0 = Release.Integration|Any CPU
		{D6EB13EC-D670-4644-A717-98EE23504A50}.Release|Any CPU.ActiveCfg = Release|Any CPU
		{D6EB13EC-D670-4644-A717-98EE23504A50}.Release|Any CPU.Build.0 = Release|Any CPU
		{3A8876F8-CA9A-404D-AB35-4E5EA0081859}.Debug.Integration|Any CPU.ActiveCfg = Debug.Integration|Any CPU
		{3A8876F8-CA9A-404D-AB35-4E5EA0081859}.Debug.Integration|Any CPU.Build.0 = Debug.Integration|Any CPU
		{3A8876F8-CA9A-404D-AB35-4E5EA0081859}.Debug|Any CPU.ActiveCfg = Debug|Any CPU
		{3A8876F8-CA9A-404D-AB35-4E5EA0081859}.Debug|Any CPU.Build.0 = Debug|Any CPU
		{3A8876F8-CA9A-404D-AB35-4E5EA0081859}.Release.Integration|Any CPU.ActiveCfg = Release.Integration|Any CPU
		{3A8876F8-CA9A-404D-AB35-4E5EA0081859}.Release.Integration|Any CPU.Build.0 = Release.Integration|Any CPU
		{3A8876F8-CA9A-404D-AB35-4E5EA0081859}.Release|Any CPU.ActiveCfg = Release|Any CPU
		{3A8876F8-CA9A-404D-AB35-4E5EA0081859}.Release|Any CPU.Build.0 = Release|Any CPU
		{8005D3B8-8F49-4E3D-AF35-1C9C5956D793}.Debug.Integration|Any CPU.ActiveCfg = Debug.Integration|Any CPU
		{8005D3B8-8F49-4E3D-AF35-1C9C5956D793}.Debug.Integration|Any CPU.Build.0 = Debug.Integration|Any CPU
		{8005D3B8-8F49-4E3D-AF35-1C9C5956D793}.Debug|Any CPU.ActiveCfg = Debug|Any CPU
		{8005D3B8-8F49-4E3D-AF35-1C9C5956D793}.Debug|Any CPU.Build.0 = Debug|Any CPU
		{8005D3B8-8F49-4E3D-AF35-1C9C5956D793}.Release.Integration|Any CPU.ActiveCfg = Release.Integration|Any CPU
		{8005D3B8-8F49-4E3D-AF35-1C9C5956D793}.Release.Integration|Any CPU.Build.0 = Release.Integration|Any CPU
		{8005D3B8-8F49-4E3D-AF35-1C9C5956D793}.Release|Any CPU.ActiveCfg = Release|Any CPU
		{8005D3B8-8F49-4E3D-AF35-1C9C5956D793}.Release|Any CPU.Build.0 = Release|Any CPU
		{53621773-C9FF-414C-9C5D-E505B9B6100D}.Debug.Integration|Any CPU.ActiveCfg = Debug.Integration|Any CPU
		{53621773-C9FF-414C-9C5D-E505B9B6100D}.Debug.Integration|Any CPU.Build.0 = Debug.Integration|Any CPU
		{53621773-C9FF-414C-9C5D-E505B9B6100D}.Debug|Any CPU.ActiveCfg = Debug|Any CPU
		{53621773-C9FF-414C-9C5D-E505B9B6100D}.Debug|Any CPU.Build.0 = Debug|Any CPU
		{53621773-C9FF-414C-9C5D-E505B9B6100D}.Release.Integration|Any CPU.ActiveCfg = Release.Integration|Any CPU
		{53621773-C9FF-414C-9C5D-E505B9B6100D}.Release.Integration|Any CPU.Build.0 = Release.Integration|Any CPU
		{53621773-C9FF-414C-9C5D-E505B9B6100D}.Release|Any CPU.ActiveCfg = Release|Any CPU
		{53621773-C9FF-414C-9C5D-E505B9B6100D}.Release|Any CPU.Build.0 = Release|Any CPU
		{6FEAEB1F-0C6E-4952-9AFB-E97EEDEDC370}.Debug.Integration|Any CPU.ActiveCfg = Debug.Integration|Any CPU
		{6FEAEB1F-0C6E-4952-9AFB-E97EEDEDC370}.Debug.Integration|Any CPU.Build.0 = Debug.Integration|Any CPU
		{6FEAEB1F-0C6E-4952-9AFB-E97EEDEDC370}.Debug|Any CPU.ActiveCfg = Debug|Any CPU
		{6FEAEB1F-0C6E-4952-9AFB-E97EEDEDC370}.Debug|Any CPU.Build.0 = Debug|Any CPU
		{6FEAEB1F-0C6E-4952-9AFB-E97EEDEDC370}.Release.Integration|Any CPU.ActiveCfg = Release.Integration|Any CPU
		{6FEAEB1F-0C6E-4952-9AFB-E97EEDEDC370}.Release.Integration|Any CPU.Build.0 = Release.Integration|Any CPU
		{6FEAEB1F-0C6E-4952-9AFB-E97EEDEDC370}.Release|Any CPU.ActiveCfg = Release|Any CPU
		{6FEAEB1F-0C6E-4952-9AFB-E97EEDEDC370}.Release|Any CPU.Build.0 = Release|Any CPU
		{76145EE3-3F46-4D54-9B55-BFFB40229EDE}.Debug.Integration|Any CPU.ActiveCfg = Debug|Any CPU
		{76145EE3-3F46-4D54-9B55-BFFB40229EDE}.Debug.Integration|Any CPU.Build.0 = Debug|Any CPU
		{76145EE3-3F46-4D54-9B55-BFFB40229EDE}.Debug|Any CPU.ActiveCfg = Debug|Any CPU
		{76145EE3-3F46-4D54-9B55-BFFB40229EDE}.Debug|Any CPU.Build.0 = Debug|Any CPU
		{76145EE3-3F46-4D54-9B55-BFFB40229EDE}.Release.Integration|Any CPU.ActiveCfg = Release|Any CPU
		{76145EE3-3F46-4D54-9B55-BFFB40229EDE}.Release.Integration|Any CPU.Build.0 = Release|Any CPU
		{76145EE3-3F46-4D54-9B55-BFFB40229EDE}.Release|Any CPU.ActiveCfg = Release|Any CPU
		{76145EE3-3F46-4D54-9B55-BFFB40229EDE}.Release|Any CPU.Build.0 = Release|Any CPU
		{5934536F-FB5D-42AD-841B-3395B4C1D76D}.Debug.Integration|Any CPU.ActiveCfg = Debug|Any CPU
		{5934536F-FB5D-42AD-841B-3395B4C1D76D}.Debug.Integration|Any CPU.Build.0 = Debug|Any CPU
		{5934536F-FB5D-42AD-841B-3395B4C1D76D}.Debug|Any CPU.ActiveCfg = Debug|Any CPU
		{5934536F-FB5D-42AD-841B-3395B4C1D76D}.Debug|Any CPU.Build.0 = Debug|Any CPU
		{5934536F-FB5D-42AD-841B-3395B4C1D76D}.Release.Integration|Any CPU.ActiveCfg = Release|Any CPU
		{5934536F-FB5D-42AD-841B-3395B4C1D76D}.Release.Integration|Any CPU.Build.0 = Release|Any CPU
		{5934536F-FB5D-42AD-841B-3395B4C1D76D}.Release|Any CPU.ActiveCfg = Release|Any CPU
		{5934536F-FB5D-42AD-841B-3395B4C1D76D}.Release|Any CPU.Build.0 = Release|Any CPU
		{68401C19-68BA-45B3-BC69-82EF38583A5D}.Debug.Integration|Any CPU.ActiveCfg = Debug|Any CPU
		{68401C19-68BA-45B3-BC69-82EF38583A5D}.Debug.Integration|Any CPU.Build.0 = Debug|Any CPU
		{68401C19-68BA-45B3-BC69-82EF38583A5D}.Debug|Any CPU.ActiveCfg = Debug|Any CPU
		{68401C19-68BA-45B3-BC69-82EF38583A5D}.Debug|Any CPU.Build.0 = Debug|Any CPU
		{68401C19-68BA-45B3-BC69-82EF38583A5D}.Release.Integration|Any CPU.ActiveCfg = Release|Any CPU
		{68401C19-68BA-45B3-BC69-82EF38583A5D}.Release.Integration|Any CPU.Build.0 = Release|Any CPU
		{68401C19-68BA-45B3-BC69-82EF38583A5D}.Release|Any CPU.ActiveCfg = Release|Any CPU
		{68401C19-68BA-45B3-BC69-82EF38583A5D}.Release|Any CPU.Build.0 = Release|Any CPU
		{00939149-097C-4A99-9A8D-1DC6DE596B4D}.Debug.Integration|Any CPU.ActiveCfg = Debug|Any CPU
		{00939149-097C-4A99-9A8D-1DC6DE596B4D}.Debug.Integration|Any CPU.Build.0 = Debug|Any CPU
		{00939149-097C-4A99-9A8D-1DC6DE596B4D}.Debug|Any CPU.ActiveCfg = Debug|Any CPU
		{00939149-097C-4A99-9A8D-1DC6DE596B4D}.Debug|Any CPU.Build.0 = Debug|Any CPU
		{00939149-097C-4A99-9A8D-1DC6DE596B4D}.Release.Integration|Any CPU.ActiveCfg = Release|Any CPU
		{00939149-097C-4A99-9A8D-1DC6DE596B4D}.Release.Integration|Any CPU.Build.0 = Release|Any CPU
		{00939149-097C-4A99-9A8D-1DC6DE596B4D}.Release|Any CPU.ActiveCfg = Release|Any CPU
		{00939149-097C-4A99-9A8D-1DC6DE596B4D}.Release|Any CPU.Build.0 = Release|Any CPU
		{F66F86D4-3668-4994-92BA-58EC92D6A67E}.Debug.Integration|Any CPU.ActiveCfg = Debug|Any CPU
		{F66F86D4-3668-4994-92BA-58EC92D6A67E}.Debug.Integration|Any CPU.Build.0 = Debug|Any CPU
		{F66F86D4-3668-4994-92BA-58EC92D6A67E}.Debug|Any CPU.ActiveCfg = Debug|Any CPU
		{F66F86D4-3668-4994-92BA-58EC92D6A67E}.Debug|Any CPU.Build.0 = Debug|Any CPU
		{F66F86D4-3668-4994-92BA-58EC92D6A67E}.Release.Integration|Any CPU.ActiveCfg = Release|Any CPU
		{F66F86D4-3668-4994-92BA-58EC92D6A67E}.Release.Integration|Any CPU.Build.0 = Release|Any CPU
		{F66F86D4-3668-4994-92BA-58EC92D6A67E}.Release|Any CPU.ActiveCfg = Release|Any CPU
		{F66F86D4-3668-4994-92BA-58EC92D6A67E}.Release|Any CPU.Build.0 = Release|Any CPU
	EndGlobalSection
	GlobalSection(SolutionProperties) = preSolution
		HideSolutionNode = FALSE
	EndGlobalSection
	GlobalSection(NestedProjects) = preSolution
		{FDBEC3D7-4D0E-4D15-BF63-F3A846C34288} = {AE0922CC-D3B9-4084-87DE-9B831201034C}
		{CD1D6491-C989-4A00-ACE5-03508736BA56} = {A51AB156-2974-4B61-9C91-D45DC4F41367}
		{432E21EC-EF22-490C-B2BB-C2606FFF156B} = {8537FFDD-FBA6-4A2D-8AA4-D4CBB4EFD97F}
		{52AED5E0-4ECA-4E6E-AA80-0FE72D68EDF5} = {47483A1E-B967-429D-BACF-9A052F2B81CC}
		{E626BE88-7FD0-49C5-A616-843B4F4D07B5} = {8537FFDD-FBA6-4A2D-8AA4-D4CBB4EFD97F}
		{47A4BBC0-4C84-41D1-BB6A-DC4E47DD995D} = {47483A1E-B967-429D-BACF-9A052F2B81CC}
		{BC5FD390-3E08-4143-BDEA-27FE31A8636D} = {FED7B22F-84AA-4750-8384-AEB1F1CC9B70}
		{C934B9B5-7B83-4BF1-B2EA-B4D93353C9A7} = {FED7B22F-84AA-4750-8384-AEB1F1CC9B70}
		{16782709-A828-4CE9-AAB4-68AE276E3848} = {FED7B22F-84AA-4750-8384-AEB1F1CC9B70}
		{E05AAF21-F757-4BF9-8932-26BB66F70140} = {FED7B22F-84AA-4750-8384-AEB1F1CC9B70}
		{9990D670-4B26-43A8-9933-D75E4AC6E534} = {FED7B22F-84AA-4750-8384-AEB1F1CC9B70}
		{90E2D13E-B1CA-47AD-87DD-D3707D150B0B} = {AE0922CC-D3B9-4084-87DE-9B831201034C}
		{972C90E7-6F8E-40A3-BD03-2FD2433ED78E} = {A51AB156-2974-4B61-9C91-D45DC4F41367}
		{A08D85CB-09CF-4B41-ACFE-AB2EF2A0CE11} = {308DAE68-AC0F-40BC-A708-6897C8864009}
		{9094E30E-9C83-4D9D-9954-4A013EA2FC41} = {308DAE68-AC0F-40BC-A708-6897C8864009}
		{A25FC776-91B0-4481-B1D4-4878FD15B100} = {308DAE68-AC0F-40BC-A708-6897C8864009}
		{24D99B2D-8D0C-496B-881D-3B4692C01FCA} = {308DAE68-AC0F-40BC-A708-6897C8864009}
		{D6EB13EC-D670-4644-A717-98EE23504A50} = {8537FFDD-FBA6-4A2D-8AA4-D4CBB4EFD97F}
		{3A8876F8-CA9A-404D-AB35-4E5EA0081859} = {6F04663E-B2B7-41EB-9CC7-B3E30F6E9EC9}
		{8005D3B8-8F49-4E3D-AF35-1C9C5956D793} = {6F04663E-B2B7-41EB-9CC7-B3E30F6E9EC9}
		{53621773-C9FF-414C-9C5D-E505B9B6100D} = {6F04663E-B2B7-41EB-9CC7-B3E30F6E9EC9}
		{6FEAEB1F-0C6E-4952-9AFB-E97EEDEDC370} = {6F04663E-B2B7-41EB-9CC7-B3E30F6E9EC9}
		{A51AB156-2974-4B61-9C91-D45DC4F41367} = {AE0922CC-D3B9-4084-87DE-9B831201034C}
		{47483A1E-B967-429D-BACF-9A052F2B81CC} = {8537FFDD-FBA6-4A2D-8AA4-D4CBB4EFD97F}
		{76145EE3-3F46-4D54-9B55-BFFB40229EDE} = {C0C8E3D4-5A5D-45C4-BC9B-6B5093F6E964}
		{5934536F-FB5D-42AD-841B-3395B4C1D76D} = {AE0922CC-D3B9-4084-87DE-9B831201034C}
		{68401C19-68BA-45B3-BC69-82EF38583A5D} = {AE0922CC-D3B9-4084-87DE-9B831201034C}
		{00939149-097C-4A99-9A8D-1DC6DE596B4D} = {C0C8E3D4-5A5D-45C4-BC9B-6B5093F6E964}
		{F66F86D4-3668-4994-92BA-58EC92D6A67E} = {A51AB156-2974-4B61-9C91-D45DC4F41367}
	EndGlobalSection
	GlobalSection(ExtensibilityGlobals) = postSolution
		SolutionGuid = {85F7A59E-70F4-40CD-888E-8DDF38C2B760}
	EndGlobalSection
EndGlobal
